
Microsoft Visual Studio Solution File, Format Version 12.00
# Visual Studio 15
VisualStudioVersion = 15.0.28010.2036
MinimumVisualStudioVersion = 10.0.40219.1
Project("{FAE04EC0-301F-11D3-BF4B-00C04F79EFBC}") = "theIfStatement", "theIfStatement\theIfStatement.csproj", "{CDD57F61-41BE-447A-A359-FF652B44586B}"
EndProject
Global
	GlobalSection(SolutionConfigurationPlatforms) = preSolution
		Debug|Any CPU = Debug|Any CPU
		Release|Any CPU = Release|Any CPU
	EndGlobalSection
	GlobalSection(ProjectConfigurationPlatforms) = postSolution
		{CDD57F61-41BE-447A-A359-FF652B44586B}.Debug|Any CPU.ActiveCfg = Debug|Any CPU
		{CDD57F61-41BE-447A-A359-FF652B44586B}.Debug|Any CPU.Build.0 = Debug|Any CPU
		{CDD57F61-41BE-447A-A359-FF652B44586B}.Release|Any CPU.ActiveCfg = Release|Any CPU
		{CDD57F61-41BE-447A-A359-FF652B44586B}.Release|Any CPU.Build.0 = Release|Any CPU
	EndGlobalSection
	GlobalSection(SolutionProperties) = preSolution
		HideSolutionNode = FALSE
	EndGlobalSection
	GlobalSection(ExtensibilityGlobals) = postSolution
		SolutionGuid = {FE4E52AB-C664-4061-BDBD-1CA92DC0C741}
	EndGlobalSection
EndGlobal
