
Microsoft Visual Studio Solution File, Format Version 12.00
# Visual Studio 15
VisualStudioVersion = 15.0.28010.2036
MinimumVisualStudioVersion = 10.0.40219.1
Project("{FAE04EC0-301F-11D3-BF4B-00C04F79EFBC}") = "CreateWithStorageQueues", "CreateWithStorageQueues\CreateWithStorageQueues.csproj", "{EAA76F83-F15B-4876-934C-F676E5B549F2}"
EndProject
Global
	GlobalSection(SolutionConfigurationPlatforms) = preSolution
		Debug|Any CPU = Debug|Any CPU
		Release|Any CPU = Release|Any CPU
	EndGlobalSection
	GlobalSection(ProjectConfigurationPlatforms) = postSolution
		{EAA76F83-F15B-4876-934C-F676E5B549F2}.Debug|Any CPU.ActiveCfg = Debug|Any CPU
		{EAA76F83-F15B-4876-934C-F676E5B549F2}.Debug|Any CPU.Build.0 = Debug|Any CPU
		{EAA76F83-F15B-4876-934C-F676E5B549F2}.Release|Any CPU.ActiveCfg = Release|Any CPU
		{EAA76F83-F15B-4876-934C-F676E5B549F2}.Release|Any CPU.Build.0 = Release|Any CPU
	EndGlobalSection
	GlobalSection(SolutionProperties) = preSolution
		HideSolutionNode = FALSE
	EndGlobalSection
	GlobalSection(ExtensibilityGlobals) = postSolution
		SolutionGuid = {8EDDBC2C-C4E8-4506-98AA-E22FC0848EB0}
	EndGlobalSection
EndGlobal
